Microsoft Visual Studio Solution File, Format Version 12.00
# Visual Studio Version 17
VisualStudioVersion = 17.5.2.0
MinimumVisualStudioVersion = 10.0.40219.1
Project("{FAE04EC0-301F-11D3-BF4B-00C04F79EFBC}") = "FaithwordSMS.Api", "FaithwordSMS.Api.csproj", "{99A0F8F1-BBB0-9C63-6140-AE3CEB6E0A51}"
EndProject
Global
	GlobalSection(SolutionConfigurationPlatforms) = preSolution
		Debug|Any CPU = Debug|Any CPU
		Release|Any CPU = Release|Any CPU
	EndGlobalSection
	GlobalSection(ProjectConfigurationPlatforms) = postSolution
		{99A0F8F1-BBB0-9C63-6140-AE3CEB6E0A51}.Debug|Any CPU.ActiveCfg = Debug|Any CPU
		{99A0F8F1-BBB0-9C63-6140-AE3CEB6E0A51}.Debug|Any CPU.Build.0 = Debug|Any CPU
		{99A0F8F1-BBB0-9C63-6140-AE3CEB6E0A51}.Release|Any CPU.ActiveCfg = Release|Any CPU
		{99A0F8F1-BBB0-9C63-6140-AE3CEB6E0A51}.Release|Any CPU.Build.0 = Release|Any CPU
	EndGlobalSection
	GlobalSection(SolutionProperties) = preSolution
		HideSolutionNode = FALSE
	EndGlobalSection
	GlobalSection(ExtensibilityGlobals) = postSolution
		SolutionGuid = {CBB2130F-7592-456C-9E60-B6AC67C65E8E}
	EndGlobalSection
EndGlobal
